// !$*UTF8*$!
{
	archiveVersion = 1;
	classes = {
	};
	objectVersion = 46;
	objects = {

/* Begin PBXBuildFile section */
		3743B9C7A4D0F9DA0CEDF2FC /* Pods_StoryTell.framework in Frameworks */ = {isa = PBXBuildFile; fileRef = 7A1CE72852B33412AAEBBD25 /* Pods_StoryTell.framework */; };
		4C000F1E1E77296E0007E32D /* LoginViewController.swift in Sources */ = {isa = PBXBuildFile; fileRef = 4C000F1D1E77296E0007E32D /* LoginViewController.swift */; };
		4C000F201E7759B90007E32D /* GoogleService-Info.plist in Resources */ = {isa = PBXBuildFile; fileRef = 4C000F1F1E7759B90007E32D /* GoogleService-Info.plist */; };
		4CC0C7611E71F7320094823E /* Colors.swift in Sources */ = {isa = PBXBuildFile; fileRef = 4CC0C7601E71F7320094823E /* Colors.swift */; };
		7D3F95EA1E664EAD00FD6453 /* AppDelegate.swift in Sources */ = {isa = PBXBuildFile; fileRef = 7D3F95E91E664EAD00FD6453 /* AppDelegate.swift */; };
		7D3F95F11E664EAD00FD6453 /* Assets.xcassets in Resources */ = {isa = PBXBuildFile; fileRef = 7D3F95F01E664EAD00FD6453 /* Assets.xcassets */; };
		7D3F95F41E664EAD00FD6453 /* LaunchScreen.storyboard in Resources */ = {isa = PBXBuildFile; fileRef = 7D3F95F21E664EAD00FD6453 /* LaunchScreen.storyboard */; };
		7D686D351E7BEB980092E41B /* StitchTextFieldExtension.swift in Sources */ = {isa = PBXBuildFile; fileRef = 7D686D341E7BEB980092E41B /* StitchTextFieldExtension.swift */; };
		7D686D371E7BEBEB0092E41B /* StitchTextViewExt.swift in Sources */ = {isa = PBXBuildFile; fileRef = 7D686D361E7BEBEB0092E41B /* StitchTextViewExt.swift */; };
		7DC90EA71E7B1D220077B71E /* StitchTableViewCell.swift in Sources */ = {isa = PBXBuildFile; fileRef = 7DC90EA61E7B1D220077B71E /* StitchTableViewCell.swift */; };
		7DC90EAB1E7B55680077B71E /* StitchTableViewExtension.swift in Sources */ = {isa = PBXBuildFile; fileRef = 7DC90EAA1E7B55680077B71E /* StitchTableViewExtension.swift */; };
		7DC90EAD1E7B5E1B0077B71E /* ReaderTitlePageViewController.swift in Sources */ = {isa = PBXBuildFile; fileRef = 7DC90EAC1E7B5E1B0077B71E /* ReaderTitlePageViewController.swift */; };
		7DF015C61E6B9B370048AAA8 /* Story.swift in Sources */ = {isa = PBXBuildFile; fileRef = 7DF015C51E6B9B370048AAA8 /* Story.swift */; };
		7DF015CA1E6B9E4F0048AAA8 /* SherlockHolmes.json in Resources */ = {isa = PBXBuildFile; fileRef = 7DF015C91E6B9E4F0048AAA8 /* SherlockHolmes.json */; };
		7DF015CC1E6BA2880048AAA8 /* SampleStory.json in Resources */ = {isa = PBXBuildFile; fileRef = 7DF015CB1E6BA2880048AAA8 /* SampleStory.json */; };
		818518D71E7088DB00191121 /* LandingPageViewController.swift in Sources */ = {isa = PBXBuildFile; fileRef = 818518D61E7088DB00191121 /* LandingPageViewController.swift */; };
		818518D91E71C9CF00191121 /* MapTableViewController.swift in Sources */ = {isa = PBXBuildFile; fileRef = 818518D81E71C9CF00191121 /* MapTableViewController.swift */; };
		818518E51E73585000191121 /* monkeyking.json in Resources */ = {isa = PBXBuildFile; fileRef = 818518E41E73585000191121 /* monkeyking.json */; };


		DF1D27BB1E723812007285CE /* V2ReaderViewController.swift in Sources */ = {isa = PBXBuildFile; fileRef = DF1D27BA1E723812007285CE /* V2ReaderViewController.swift */; };
		DF1D27BF1E77252F007285CE /* ReaderTitlePageViewController.swift in Sources */ = {isa = PBXBuildFile; fileRef = DF1D27BE1E77252F007285CE /* ReaderTitlePageViewController.swift */; };


		81B782971E7B194400F96DD8 /* MapTableViewCell.swift in Sources */ = {isa = PBXBuildFile; fileRef = 81B782961E7B194400F96DD8 /* MapTableViewCell.swift */; };
		DF1D27B91E71CFDA007285CE /* StitchViewController.swift in Sources */ = {isa = PBXBuildFile; fileRef = DF1D27B81E71CFDA007285CE /* StitchViewController.swift */; };


		DF1D27C11E7AD848007285CE /* ReaderOptionsViewController.swift in Sources */ = {isa = PBXBuildFile; fileRef = DF1D27C01E7AD848007285CE /* ReaderOptionsViewController.swift */; };
		DF64A0BB1E708E44000EB09E /* TitlePageViewController.swift in Sources */ = {isa = PBXBuildFile; fileRef = DF64A0BA1E708E44000EB09E /* TitlePageViewController.swift */; };
		DFBEF1D21E7AF40A009519C3 /* Stitch.swift in Sources */ = {isa = PBXBuildFile; fileRef = DFBEF1D11E7AF40A009519C3 /* Stitch.swift */; };
/* End PBXBuildFile section */

/* Begin PBXFileReference section */
		0943E68594C8CA1FAF5C9F3C /* Pods-StoryTell.debug.xcconfig */ = {isa = PBXFileReference; includeInIndex = 1; lastKnownFileType = text.xcconfig; name = "Pods-StoryTell.debug.xcconfig"; path = "Pods/Target Support Files/Pods-StoryTell/Pods-StoryTell.debug.xcconfig"; sourceTree = "<group>"; };
		4C000F1D1E77296E0007E32D /* LoginViewController.swift */ = {isa = PBXFileReference; fileEncoding = 4; lastKnownFileType = sourcecode.swift; path = LoginViewController.swift; sourceTree = "<group>"; };
		4C000F1F1E7759B90007E32D /* GoogleService-Info.plist */ = {isa = PBXFileReference; fileEncoding = 4; lastKnownFileType = text.plist.xml; path = "GoogleService-Info.plist"; sourceTree = "<group>"; };
		4CC0C7601E71F7320094823E /* Colors.swift */ = {isa = PBXFileReference; fileEncoding = 4; lastKnownFileType = sourcecode.swift; path = Colors.swift; sourceTree = "<group>"; };
		5CBDCEDAA67C5077B0EE6A4A /* Pods-StoryTell.release.xcconfig */ = {isa = PBXFileReference; includeInIndex = 1; lastKnownFileType = text.xcconfig; name = "Pods-StoryTell.release.xcconfig"; path = "Pods/Target Support Files/Pods-StoryTell/Pods-StoryTell.release.xcconfig"; sourceTree = "<group>"; };
		7A1CE72852B33412AAEBBD25 /* Pods_StoryTell.framework */ = {isa = PBXFileReference; explicitFileType = wrapper.framework; includeInIndex = 0; path = Pods_StoryTell.framework; sourceTree = BUILT_PRODUCTS_DIR; };
		7D3F95E61E664EAD00FD6453 /* StoryTell.app */ = {isa = PBXFileReference; explicitFileType = wrapper.application; includeInIndex = 0; path = StoryTell.app; sourceTree = BUILT_PRODUCTS_DIR; };
		7D3F95E91E664EAD00FD6453 /* AppDelegate.swift */ = {isa = PBXFileReference; lastKnownFileType = sourcecode.swift; path = AppDelegate.swift; sourceTree = "<group>"; };
		7D3F95F01E664EAD00FD6453 /* Assets.xcassets */ = {isa = PBXFileReference; lastKnownFileType = folder.assetcatalog; path = Assets.xcassets; sourceTree = "<group>"; };
		7D3F95F31E664EAD00FD6453 /* Base */ = {isa = PBXFileReference; lastKnownFileType = file.storyboard; name = Base; path = Base.lproj/LaunchScreen.storyboard; sourceTree = "<group>"; };
		7D3F95F51E664EAD00FD6453 /* Info.plist */ = {isa = PBXFileReference; lastKnownFileType = text.plist.xml; path = Info.plist; sourceTree = "<group>"; };
		7D686D341E7BEB980092E41B /* StitchTextFieldExtension.swift */ = {isa = PBXFileReference; fileEncoding = 4; lastKnownFileType = sourcecode.swift; path = StitchTextFieldExtension.swift; sourceTree = "<group>"; };
		7D686D361E7BEBEB0092E41B /* StitchTextViewExt.swift */ = {isa = PBXFileReference; fileEncoding = 4; lastKnownFileType = sourcecode.swift; path = StitchTextViewExt.swift; sourceTree = "<group>"; };
		7DC90EA61E7B1D220077B71E /* StitchTableViewCell.swift */ = {isa = PBXFileReference; fileEncoding = 4; lastKnownFileType = sourcecode.swift; path = StitchTableViewCell.swift; sourceTree = "<group>"; };
		7DC90EAA1E7B55680077B71E /* StitchTableViewExtension.swift */ = {isa = PBXFileReference; fileEncoding = 4; lastKnownFileType = sourcecode.swift; path = StitchTableViewExtension.swift; sourceTree = "<group>"; };
		7DC90EAC1E7B5E1B0077B71E /* ReaderTitlePageViewController.swift */ = {isa = PBXFileReference; fileEncoding = 4; lastKnownFileType = sourcecode.swift; path = ReaderTitlePageViewController.swift; sourceTree = "<group>"; };
		7DF015C51E6B9B370048AAA8 /* Story.swift */ = {isa = PBXFileReference; fileEncoding = 4; lastKnownFileType = sourcecode.swift; path = Story.swift; sourceTree = "<group>"; };
		7DF015C91E6B9E4F0048AAA8 /* SherlockHolmes.json */ = {isa = PBXFileReference; fileEncoding = 4; lastKnownFileType = text.json; path = SherlockHolmes.json; sourceTree = "<group>"; };
		7DF015CB1E6BA2880048AAA8 /* SampleStory.json */ = {isa = PBXFileReference; fileEncoding = 4; lastKnownFileType = text.json; path = SampleStory.json; sourceTree = "<group>"; };
		818518D61E7088DB00191121 /* LandingPageViewController.swift */ = {isa = PBXFileReference; fileEncoding = 4; lastKnownFileType = sourcecode.swift; path = LandingPageViewController.swift; sourceTree = "<group>"; };
		818518D81E71C9CF00191121 /* MapTableViewController.swift */ = {isa = PBXFileReference; fileEncoding = 4; lastKnownFileType = sourcecode.swift; path = MapTableViewController.swift; sourceTree = "<group>"; };
		818518E41E73585000191121 /* monkeyking.json */ = {isa = PBXFileReference; fileEncoding = 4; lastKnownFileType = text.json; path = monkeyking.json; sourceTree = "<group>"; };

				DF1D27BA1E723812007285CE /* V2ReaderViewController.swift */ = {isa = PBXFileReference; fileEncoding = 4; lastKnownFileType = sourcecode.swift; path = V2ReaderViewController.swift; sourceTree = "<group>"; };
		DF1D27BE1E77252F007285CE /* ReaderTitlePageViewController.swift */ = {isa = PBXFileReference; fileEncoding = 4; lastKnownFileType = sourcecode.swift; path = ReaderTitlePageViewController.swift; sourceTree = "<group>"; };

		81B782941E7AF97000F96DD8 /* Stitch.swift */ = {isa = PBXFileReference; fileEncoding = 4; lastKnownFileType = sourcecode.swift; path = Stitch.swift; sourceTree = "<group>"; };
		81B782961E7B194400F96DD8 /* MapTableViewCell.swift */ = {isa = PBXFileReference; fileEncoding = 4; lastKnownFileType = sourcecode.swift; path = MapTableViewCell.swift; sourceTree = "<group>"; };
		DF1D27B81E71CFDA007285CE /* StitchViewController.swift */ = {isa = PBXFileReference; fileEncoding = 4; lastKnownFileType = sourcecode.swift; path = StitchViewController.swift; sourceTree = "<group>"; };


		DF1D27C01E7AD848007285CE /* ReaderOptionsViewController.swift */ = {isa = PBXFileReference; fileEncoding = 4; lastKnownFileType = sourcecode.swift; path = ReaderOptionsViewController.swift; sourceTree = "<group>"; };
		DF64A0BA1E708E44000EB09E /* TitlePageViewController.swift */ = {isa = PBXFileReference; fileEncoding = 4; lastKnownFileType = sourcecode.swift; path = TitlePageViewController.swift; sourceTree = "<group>"; };
		DFBEF1D11E7AF40A009519C3 /* Stitch.swift */ = {isa = PBXFileReference; fileEncoding = 4; lastKnownFileType = sourcecode.swift; path = Stitch.swift; sourceTree = "<group>"; };
/* End PBXFileReference section */

/* Begin PBXFrameworksBuildPhase section */
		7D3F95E31E664EAD00FD6453 /* Frameworks */ = {
			isa = PBXFrameworksBuildPhase;
			buildActionMask = 2147483647;
			files = (
				3743B9C7A4D0F9DA0CEDF2FC /* Pods_StoryTell.framework in Frameworks */,
			);
			runOnlyForDeploymentPostprocessing = 0;
		};
/* End PBXFrameworksBuildPhase section */

/* Begin PBXGroup section */
		1B5F814656D9AD303906A3A1 /* Frameworks */ = {
			isa = PBXGroup;
			children = (
				7A1CE72852B33412AAEBBD25 /* Pods_StoryTell.framework */,
			);
			name = Frameworks;
			sourceTree = "<group>";
		};
		770DEC35642F5928C0D50F97 /* Pods */ = {
			isa = PBXGroup;
			children = (
				0943E68594C8CA1FAF5C9F3C /* Pods-StoryTell.debug.xcconfig */,
				5CBDCEDAA67C5077B0EE6A4A /* Pods-StoryTell.release.xcconfig */,
			);
			name = Pods;
			sourceTree = "<group>";
		};
		7D3F95DD1E664EAD00FD6453 = {
			isa = PBXGroup;
			children = (
				7D3F95E81E664EAD00FD6453 /* StoryTell */,
				7D3F95E71E664EAD00FD6453 /* Products */,
				770DEC35642F5928C0D50F97 /* Pods */,
				1B5F814656D9AD303906A3A1 /* Frameworks */,
			);
			sourceTree = "<group>";
		};
		7D3F95E71E664EAD00FD6453 /* Products */ = {
			isa = PBXGroup;
			children = (
				7D3F95E61E664EAD00FD6453 /* StoryTell.app */,
			);
			name = Products;
			sourceTree = "<group>";
		};
		7D3F95E81E664EAD00FD6453 /* StoryTell */ = {
			isa = PBXGroup;
			children = (
				DF64A0B61E70773D000EB09E /* View Controllers */,
				DF64A0B71E7077D7000EB09E /* Models */,
				DF64A0B81E70780C000EB09E /* JsonStories */,
				DF64A0B91E707833000EB09E /* Supporting Files */,
			);
			path = StoryTell;
			sourceTree = "<group>";
		};
		7D686D321E7BEB480092E41B /* Writer */ = {
			isa = PBXGroup;
			children = (
				7D686D381E7BEC310092E41B /* StitchViewController */,
				DF64A0BA1E708E44000EB09E /* TitlePageViewController.swift */,
			);
			name = Writer;
			sourceTree = "<group>";
		};
		7D686D331E7BEB620092E41B /* Reader */ = {
			isa = PBXGroup;
			children = (
				DF1D27C01E7AD848007285CE /* ReaderOptionsViewController.swift */,
				DF1D27BA1E723812007285CE /* V2ReaderViewController.swift */,
				7DC90EAC1E7B5E1B0077B71E /* ReaderTitlePageViewController.swift */,
			);
			name = Reader;
			sourceTree = "<group>";
		};
		7D686D381E7BEC310092E41B /* StitchViewController */ = {
			isa = PBXGroup;
			children = (
				DF1D27B81E71CFDA007285CE /* StitchViewController.swift */,
				7DC90EAA1E7B55680077B71E /* StitchTableViewExtension.swift */,
				7D686D341E7BEB980092E41B /* StitchTextFieldExtension.swift */,
				7D686D361E7BEBEB0092E41B /* StitchTextViewExt.swift */,
				7DC90EA61E7B1D220077B71E /* StitchTableViewCell.swift */,
			);
			name = StitchViewController;
			sourceTree = "<group>";
		};
		DF64A0B61E70773D000EB09E /* View Controllers */ = {
			isa = PBXGroup;
			children = (
				818518D81E71C9CF00191121 /* MapTableViewController.swift */,
				4C000F1D1E77296E0007E32D /* LoginViewController.swift */,
				81B782961E7B194400F96DD8 /* MapTableViewCell.swift */,
				818518D61E7088DB00191121 /* LandingPageViewController.swift */,
				7D686D321E7BEB480092E41B /* Writer */,
				7D686D331E7BEB620092E41B /* Reader */,
			);
			name = "View Controllers";
			sourceTree = "<group>";
		};
		DF64A0B71E7077D7000EB09E /* Models */ = {
			isa = PBXGroup;
			children = (



				81B782941E7AF97000F96DD8 /* Stitch.swift */,

				7DF015C51E6B9B370048AAA8 /* Story.swift */,
			);
			name = Models;
			sourceTree = "<group>";
		};
		DF64A0B81E70780C000EB09E /* JsonStories */ = {
			isa = PBXGroup;
			children = (
				7DF015CB1E6BA2880048AAA8 /* SampleStory.json */,
				7DF015C91E6B9E4F0048AAA8 /* SherlockHolmes.json */,
				818518E41E73585000191121 /* monkeyking.json */,
			);
			name = JsonStories;
			sourceTree = "<group>";
		};
		DF64A0B91E707833000EB09E /* Supporting Files */ = {
			isa = PBXGroup;
			children = (
				7D3F95E91E664EAD00FD6453 /* AppDelegate.swift */,
				7D3F95F21E664EAD00FD6453 /* LaunchScreen.storyboard */,
				7D3F95F01E664EAD00FD6453 /* Assets.xcassets */,
				4C000F1F1E7759B90007E32D /* GoogleService-Info.plist */,
				7D3F95F51E664EAD00FD6453 /* Info.plist */,
				4CC0C7601E71F7320094823E /* Colors.swift */,
			);
			name = "Supporting Files";
			sourceTree = "<group>";
		};
/* End PBXGroup section */

/* Begin PBXNativeTarget section */
		7D3F95E51E664EAD00FD6453 /* StoryTell */ = {
			isa = PBXNativeTarget;
			buildConfigurationList = 7D3F95F81E664EAD00FD6453 /* Build configuration list for PBXNativeTarget "StoryTell" */;
			buildPhases = (
				1772160971F86BEEA3DD47EA /* [CP] Check Pods Manifest.lock */,
				7D3F95E21E664EAD00FD6453 /* Sources */,
				7D3F95E31E664EAD00FD6453 /* Frameworks */,
				7D3F95E41E664EAD00FD6453 /* Resources */,
				3E3CD49FA8585AE04DC97A8E /* [CP] Embed Pods Frameworks */,
				4C94258AC49AE89F1BA98B10 /* [CP] Copy Pods Resources */,
			);
			buildRules = (
			);
			dependencies = (
			);
			name = StoryTell;
			productName = StoryTell;
			productReference = 7D3F95E61E664EAD00FD6453 /* StoryTell.app */;
			productType = "com.apple.product-type.application";
		};
/* End PBXNativeTarget section */

/* Begin PBXProject section */
		7D3F95DE1E664EAD00FD6453 /* Project object */ = {
			isa = PBXProject;
			attributes = {
				LastSwiftUpdateCheck = 0820;
				LastUpgradeCheck = 0820;
				ORGANIZATIONNAME = Simone;
				TargetAttributes = {
					7D3F95E51E664EAD00FD6453 = {
						CreatedOnToolsVersion = 8.2.1;
						DevelopmentTeam = RYCFGMU9B3;
						ProvisioningStyle = Automatic;
						SystemCapabilities = {
							com.apple.Keychain = {
								enabled = 0;
							};
						};
					};
				};
			};
			buildConfigurationList = 7D3F95E11E664EAD00FD6453 /* Build configuration list for PBXProject "StoryTell" */;
			compatibilityVersion = "Xcode 3.2";
			developmentRegion = English;
			hasScannedForEncodings = 0;
			knownRegions = (
				en,
				Base,
			);
			mainGroup = 7D3F95DD1E664EAD00FD6453;
			productRefGroup = 7D3F95E71E664EAD00FD6453 /* Products */;
			projectDirPath = "";
			projectRoot = "";
			targets = (
				7D3F95E51E664EAD00FD6453 /* StoryTell */,
			);
		};
/* End PBXProject section */

/* Begin PBXResourcesBuildPhase section */
		7D3F95E41E664EAD00FD6453 /* Resources */ = {
			isa = PBXResourcesBuildPhase;
			buildActionMask = 2147483647;
			files = (
				4C000F201E7759B90007E32D /* GoogleService-Info.plist in Resources */,
				7D3F95F41E664EAD00FD6453 /* LaunchScreen.storyboard in Resources */,
				7D3F95F11E664EAD00FD6453 /* Assets.xcassets in Resources */,
				7DF015CA1E6B9E4F0048AAA8 /* SherlockHolmes.json in Resources */,
				818518E51E73585000191121 /* monkeyking.json in Resources */,
				7DF015CC1E6BA2880048AAA8 /* SampleStory.json in Resources */,
			);
			runOnlyForDeploymentPostprocessing = 0;
		};
/* End PBXResourcesBuildPhase section */

/* Begin PBXShellScriptBuildPhase section */
		1772160971F86BEEA3DD47EA /* [CP] Check Pods Manifest.lock */ = {
			isa = PBXShellScriptBuildPhase;
			buildActionMask = 2147483647;
			files = (
			);
			inputPaths = (
			);
			name = "[CP] Check Pods Manifest.lock";
			outputPaths = (
			);
			runOnlyForDeploymentPostprocessing = 0;
			shellPath = /bin/sh;
			shellScript = "diff \"${PODS_ROOT}/../Podfile.lock\" \"${PODS_ROOT}/Manifest.lock\" > /dev/null\nif [ $? != 0 ] ; then\n    # print error to STDERR\n    echo \"error: The sandbox is not in sync with the Podfile.lock. Run 'pod install' or update your CocoaPods installation.\" >&2\n    exit 1\nfi\n";
			showEnvVarsInLog = 0;
		};
		3E3CD49FA8585AE04DC97A8E /* [CP] Embed Pods Frameworks */ = {
			isa = PBXShellScriptBuildPhase;
			buildActionMask = 2147483647;
			files = (
			);
			inputPaths = (
			);
			name = "[CP] Embed Pods Frameworks";
			outputPaths = (
			);
			runOnlyForDeploymentPostprocessing = 0;
			shellPath = /bin/sh;
			shellScript = "\"${SRCROOT}/Pods/Target Support Files/Pods-StoryTell/Pods-StoryTell-frameworks.sh\"\n";
			showEnvVarsInLog = 0;
		};
		4C94258AC49AE89F1BA98B10 /* [CP] Copy Pods Resources */ = {
			isa = PBXShellScriptBuildPhase;
			buildActionMask = 2147483647;
			files = (
			);
			inputPaths = (
			);
			name = "[CP] Copy Pods Resources";
			outputPaths = (
			);
			runOnlyForDeploymentPostprocessing = 0;
			shellPath = /bin/sh;
			shellScript = "\"${SRCROOT}/Pods/Target Support Files/Pods-StoryTell/Pods-StoryTell-resources.sh\"\n";
			showEnvVarsInLog = 0;
		};
/* End PBXShellScriptBuildPhase section */

/* Begin PBXSourcesBuildPhase section */
		7D3F95E21E664EAD00FD6453 /* Sources */ = {
			isa = PBXSourcesBuildPhase;
			buildActionMask = 2147483647;
			files = (
				7D3F95EA1E664EAD00FD6453 /* AppDelegate.swift in Sources */,
				4CC0C7611E71F7320094823E /* Colors.swift in Sources */,
				4C000F1E1E77296E0007E32D /* LoginViewController.swift in Sources */,
				81B782971E7B194400F96DD8 /* MapTableViewCell.swift in Sources */,
				818518D91E71C9CF00191121 /* MapTableViewController.swift in Sources */,
				7DC90EAD1E7B5E1B0077B71E /* ReaderTitlePageViewController.swift in Sources */,
				7D686D371E7BEBEB0092E41B /* StitchTextViewExt.swift in Sources */,
				7DC90EA71E7B1D220077B71E /* StitchTableViewCell.swift in Sources */,
				DF1D27C11E7AD848007285CE /* ReaderOptionsViewController.swift in Sources */,
				DF64A0BB1E708E44000EB09E /* TitlePageViewController.swift in Sources */,





				7DC90EAB1E7B55680077B71E /* StitchTableViewExtension.swift in Sources */,

				81B782951E7AF97000F96DD8 /* Stitch.swift in Sources */,

				DF1D27BB1E723812007285CE /* V2ReaderViewController.swift in Sources */,
				7DF015C61E6B9B370048AAA8 /* Story.swift in Sources */,
				818518D71E7088DB00191121 /* LandingPageViewController.swift in Sources */,
				7D686D351E7BEB980092E41B /* StitchTextFieldExtension.swift in Sources */,
				DF1D27B91E71CFDA007285CE /* StitchViewController.swift in Sources */,
			);
			runOnlyForDeploymentPostprocessing = 0;
		};
/* End PBXSourcesBuildPhase section */

/* Begin PBXVariantGroup section */
		7D3F95F21E664EAD00FD6453 /* LaunchScreen.storyboard */ = {
			isa = PBXVariantGroup;
			children = (
				7D3F95F31E664EAD00FD6453 /* Base */,
			);
			name = LaunchScreen.storyboard;
			sourceTree = "<group>";
		};
/* End PBXVariantGroup section */

/* Begin XCBuildConfiguration section */
		7D3F95F61E664EAD00FD6453 /* Debug */ = {
			isa = XCBuildConfiguration;
			buildSettings = {
				ALWAYS_SEARCH_USER_PATHS = NO;
				CLANG_ANALYZER_NONNULL = YES;
				CLANG_CXX_LANGUAGE_STANDARD = "gnu++0x";
				CLANG_CXX_LIBRARY = "libc++";
				CLANG_ENABLE_MODULES = YES;
				CLANG_ENABLE_OBJC_ARC = YES;
				CLANG_WARN_BOOL_CONVERSION = YES;
				CLANG_WARN_CONSTANT_CONVERSION = YES;
				CLANG_WARN_DIRECT_OBJC_ISA_USAGE = YES_ERROR;
				CLANG_WARN_DOCUMENTATION_COMMENTS = YES;
				CLANG_WARN_EMPTY_BODY = YES;
				CLANG_WARN_ENUM_CONVERSION = YES;
				CLANG_WARN_INFINITE_RECURSION = YES;
				CLANG_WARN_INT_CONVERSION = YES;
				CLANG_WARN_OBJC_ROOT_CLASS = YES_ERROR;
				CLANG_WARN_SUSPICIOUS_MOVE = YES;
				CLANG_WARN_UNREACHABLE_CODE = YES;
				CLANG_WARN__DUPLICATE_METHOD_MATCH = YES;
				"CODE_SIGN_IDENTITY[sdk=iphoneos*]" = "iPhone Developer";
				COPY_PHASE_STRIP = NO;
				DEBUG_INFORMATION_FORMAT = dwarf;
				ENABLE_STRICT_OBJC_MSGSEND = YES;
				ENABLE_TESTABILITY = YES;
				GCC_C_LANGUAGE_STANDARD = gnu99;
				GCC_DYNAMIC_NO_PIC = NO;
				GCC_NO_COMMON_BLOCKS = YES;
				GCC_OPTIMIZATION_LEVEL = 0;
				GCC_PREPROCESSOR_DEFINITIONS = (
					"DEBUG=1",
					"$(inherited)",
				);
				GCC_WARN_64_TO_32_BIT_CONVERSION = YES;
				GCC_WARN_ABOUT_RETURN_TYPE = YES_ERROR;
				GCC_WARN_UNDECLARED_SELECTOR = YES;
				GCC_WARN_UNINITIALIZED_AUTOS = YES_AGGRESSIVE;
				GCC_WARN_UNUSED_FUNCTION = YES;
				GCC_WARN_UNUSED_VARIABLE = YES;
				IPHONEOS_DEPLOYMENT_TARGET = 10.2;
				MTL_ENABLE_DEBUG_INFO = YES;
				ONLY_ACTIVE_ARCH = YES;
				SDKROOT = iphoneos;
				SWIFT_ACTIVE_COMPILATION_CONDITIONS = DEBUG;
				SWIFT_OPTIMIZATION_LEVEL = "-Onone";
				TARGETED_DEVICE_FAMILY = "1,2";
			};
			name = Debug;
		};
		7D3F95F71E664EAD00FD6453 /* Release */ = {
			isa = XCBuildConfiguration;
			buildSettings = {
				ALWAYS_SEARCH_USER_PATHS = NO;
				CLANG_ANALYZER_NONNULL = YES;
				CLANG_CXX_LANGUAGE_STANDARD = "gnu++0x";
				CLANG_CXX_LIBRARY = "libc++";
				CLANG_ENABLE_MODULES = YES;
				CLANG_ENABLE_OBJC_ARC = YES;
				CLANG_WARN_BOOL_CONVERSION = YES;
				CLANG_WARN_CONSTANT_CONVERSION = YES;
				CLANG_WARN_DIRECT_OBJC_ISA_USAGE = YES_ERROR;
				CLANG_WARN_DOCUMENTATION_COMMENTS = YES;
				CLANG_WARN_EMPTY_BODY = YES;
				CLANG_WARN_ENUM_CONVERSION = YES;
				CLANG_WARN_INFINITE_RECURSION = YES;
				CLANG_WARN_INT_CONVERSION = YES;
				CLANG_WARN_OBJC_ROOT_CLASS = YES_ERROR;
				CLANG_WARN_SUSPICIOUS_MOVE = YES;
				CLANG_WARN_UNREACHABLE_CODE = YES;
				CLANG_WARN__DUPLICATE_METHOD_MATCH = YES;
				"CODE_SIGN_IDENTITY[sdk=iphoneos*]" = "iPhone Developer";
				COPY_PHASE_STRIP = NO;
				DEBUG_INFORMATION_FORMAT = "dwarf-with-dsym";
				ENABLE_NS_ASSERTIONS = NO;
				ENABLE_STRICT_OBJC_MSGSEND = YES;
				GCC_C_LANGUAGE_STANDARD = gnu99;
				GCC_NO_COMMON_BLOCKS = YES;
				GCC_WARN_64_TO_32_BIT_CONVERSION = YES;
				GCC_WARN_ABOUT_RETURN_TYPE = YES_ERROR;
				GCC_WARN_UNDECLARED_SELECTOR = YES;
				GCC_WARN_UNINITIALIZED_AUTOS = YES_AGGRESSIVE;
				GCC_WARN_UNUSED_FUNCTION = YES;
				GCC_WARN_UNUSED_VARIABLE = YES;
				IPHONEOS_DEPLOYMENT_TARGET = 10.2;
				MTL_ENABLE_DEBUG_INFO = NO;
				SDKROOT = iphoneos;
				SWIFT_OPTIMIZATION_LEVEL = "-Owholemodule";
				TARGETED_DEVICE_FAMILY = "1,2";
				VALIDATE_PRODUCT = YES;
			};
			name = Release;
		};
		7D3F95F91E664EAD00FD6453 /* Debug */ = {
			isa = XCBuildConfiguration;
			baseConfigurationReference = 0943E68594C8CA1FAF5C9F3C /* Pods-StoryTell.debug.xcconfig */;
			buildSettings = {
				ALWAYS_EMBED_SWIFT_STANDARD_LIBRARIES = YES;
				ASSETCATALOG_COMPILER_APPICON_NAME = AppIcon;
				DEVELOPMENT_TEAM = RYCFGMU9B3;
				INFOPLIST_FILE = StoryTell/Info.plist;
				IPHONEOS_DEPLOYMENT_TARGET = 10.1;
				LD_RUNPATH_SEARCH_PATHS = "$(inherited) @executable_path/Frameworks";
				PRODUCT_BUNDLE_IDENTIFIER = sim.StoryTell;
				PRODUCT_NAME = "$(TARGET_NAME)";
				SWIFT_VERSION = 3.0;
				TARGETED_DEVICE_FAMILY = 1;
			};
			name = Debug;
		};
		7D3F95FA1E664EAD00FD6453 /* Release */ = {
			isa = XCBuildConfiguration;
			baseConfigurationReference = 5CBDCEDAA67C5077B0EE6A4A /* Pods-StoryTell.release.xcconfig */;
			buildSettings = {
				ALWAYS_EMBED_SWIFT_STANDARD_LIBRARIES = YES;
				ASSETCATALOG_COMPILER_APPICON_NAME = AppIcon;
				DEVELOPMENT_TEAM = RYCFGMU9B3;
				INFOPLIST_FILE = StoryTell/Info.plist;
				IPHONEOS_DEPLOYMENT_TARGET = 10.1;
				LD_RUNPATH_SEARCH_PATHS = "$(inherited) @executable_path/Frameworks";
				PRODUCT_BUNDLE_IDENTIFIER = sim.StoryTell;
				PRODUCT_NAME = "$(TARGET_NAME)";
				SWIFT_VERSION = 3.0;
				TARGETED_DEVICE_FAMILY = 1;
			};
			name = Release;
		};
/* End XCBuildConfiguration section */

/* Begin XCConfigurationList section */
		7D3F95E11E664EAD00FD6453 /* Build configuration list for PBXProject "StoryTell" */ = {
			isa = XCConfigurationList;
			buildConfigurations = (
				7D3F95F61E664EAD00FD6453 /* Debug */,
				7D3F95F71E664EAD00FD6453 /* Release */,
			);
			defaultConfigurationIsVisible = 0;
			defaultConfigurationName = Release;
		};
		7D3F95F81E664EAD00FD6453 /* Build configuration list for PBXNativeTarget "StoryTell" */ = {
			isa = XCConfigurationList;
			buildConfigurations = (
				7D3F95F91E664EAD00FD6453 /* Debug */,
				7D3F95FA1E664EAD00FD6453 /* Release */,
			);
			defaultConfigurationIsVisible = 0;
			defaultConfigurationName = Release;
		};
/* End XCConfigurationList section */
	};
	rootObject = 7D3F95DE1E664EAD00FD6453 /* Project object */;
}
